
Microsoft Visual Studio Solution File, Format Version 12.00
# Visual Studio 2012
Project("{8BC9CEB8-8B4A-11D0-8D11-00A0C91BC942}") = "ffmpegShell", "ffmpegShell\ffmpegShell.vcxproj", "{E31DAA3B-FAAE-4E20-8CA1-605E0B4D6657}"
EndProject
Global
	GlobalSection(SolutionConfigurationPlatforms) = preSolution
		Debug|Mixed Platforms = Debug|Mixed Platforms
		Debug|Win32 = Debug|Win32
		Debug|x64 = Debug|x64
		Release|Mixed Platforms = Release|Mixed Platforms
		Release|Win32 = Release|Win32
		Release|x64 = Release|x64
	EndGlobalSection
	GlobalSection(ProjectConfigurationPlatforms) = postSolution
		{E31DAA3B-FAAE-4E20-8CA1-605E0B4D6657}.Debug|Mixed Platforms.ActiveCfg = Debug|Win32
		{E31DAA3B-FAAE-4E20-8CA1-605E0B4D6657}.Debug|Mixed Platforms.Build.0 = Debug|Win32
		{E31DAA3B-FAAE-4E20-8CA1-605E0B4D6657}.Debug|Win32.ActiveCfg = Debug|Win32
		{E31DAA3B-FAAE-4E20-8CA1-605E0B4D6657}.Debug|Win32.Build.0 = Debug|Win32
		{E31DAA3B-FAAE-4E20-8CA1-605E0B4D6657}.Debug|x64.ActiveCfg = Debug|x64
		{E31DAA3B-FAAE-4E20-8CA1-605E0B4D6657}.Debug|x64.Build.0 = Debug|x64
		{E31DAA3B-FAAE-4E20-8CA1-605E0B4D6657}.Release|Mixed Platforms.ActiveCfg = Release|Win32
		{E31DAA3B-FAAE-4E20-8CA1-605E0B4D6657}.Release|Mixed Platforms.Build.0 = Release|Win32
		{E31DAA3B-FAAE-4E20-8CA1-605E0B4D6657}.Release|Win32.ActiveCfg = Release|Win32
		{E31DAA3B-FAAE-4E20-8CA1-605E0B4D6657}.Release|Win32.Build.0 = Release|Win32
		{E31DAA3B-FAAE-4E20-8CA1-605E0B4D6657}.Release|x64.ActiveCfg = Release|x64
		{E31DAA3B-FAAE-4E20-8CA1-605E0B4D6657}.Release|x64.Build.0 = Release|x64
	EndGlobalSection
	GlobalSection(SolutionProperties) = preSolution
		HideSolutionNode = FALSE
	EndGlobalSection
EndGlobal
