<?xml version="1.0" encoding="utf-8"?>
<Project ToolsVersion="4.0" xmlns="http://schemas.microsoft.com/developer/msbuild/2003">
  <ItemGroup>
    <Filter Include="Source Files">
      <UniqueIdentifier>{4FC737F1-C7A5-4376-A066-2A32D752A2FF}</UniqueIdentifier>
      <Extensions>cpp;c;cc;cxx;def;odl;idl;hpj;bat;asm;asmx</Extensions>
    </Filter>
    <Filter Include="Header Files">
      <UniqueIdentifier>{93995380-89BD-4b04-88EB-625FBE52EBFB}</UniqueIdentifier>
      <Extensions>h;hpp;hxx;hm;inl;inc;xsd</Extensions>
    </Filter>
    <Filter Include="Resource Files">
      <UniqueIdentifier>{67DA6AB6-F800-4c08-8B7A-83BB121AAD01}</UniqueIdentifier>
      <Extensions>rc;ico;cur;bmp;dlg;rc2;rct;bin;rgs;gif;jpg;jpeg;jpe;resx;tiff;tif;png;wav;mfcribbon-ms</Extensions>
    </Filter>
    <Filter Include="Generated Files">
      <UniqueIdentifier>{def5db38-3eaa-4498-9dd8-31e952884d0a}</UniqueIdentifier>
      <SourceControlFiles>False</SourceControlFiles>
    </Filter>
  </ItemGroup>
  <ItemGroup>
    <ClCompile Include="ffmpegShell_i.c">
      <Filter>Generated Files</Filter>
    </ClCompile>
    <ClCompile Include="src\support\Debug.cpp">
      <Filter>Source Files</Filter>
    </ClCompile>
    <ClCompile Include="src\comp\ffmpegShell.cpp">
      <Filter>Source Files</Filter>
    </ClCompile>
    <ClCompile Include="src\comp\ffmpegShellCtrl.cpp">
      <Filter>Source Files</Filter>
    </ClCompile>
    <ClCompile Include="src\comp\xdlldata.c">
      <Filter>Source Files</Filter>
    </ClCompile>
    <ClCompile Include="src\comp\dllmain.cpp">
      <Filter>Source Files</Filter>
    </ClCompile>
    <ClCompile Include="src\ui\FileFolderDialog.cpp">
      <Filter>Source Files</Filter>
    </ClCompile>
    <ClCompile Include="src\ui\MenuMgr.cpp">
      <Filter>Source Files</Filter>
    </ClCompile>
    <ClCompile Include="src\ui\UI.cpp">
      <Filter>Source Files</Filter>
    </ClCompile>
    <ClCompile Include="src\preset\Preset.cpp">
      <Filter>Source Files</Filter>
    </ClCompile>
    <ClCompile Include="src\preset\PresetCompiler.cpp">
      <Filter>Source Files</Filter>
    </ClCompile>
    <ClCompile Include="src\support\Memory.cpp">
      <Filter>Source Files</Filter>
    </ClCompile>
    <ClCompile Include="src\comp\stdafx.cpp">
      <Filter>Source Files</Filter>
    </ClCompile>
    <ClCompile Include="src\support\ps.cpp">
      <Filter>Source Files</Filter>
    </ClCompile>
    <ClCompile Include="src\main\Settings.cpp">
      <Filter>Source Files</Filter>
    </ClCompile>
  </ItemGroup>
  <ItemGroup>
    <ClInclude Include="ffmpegShell_i.h">
      <Filter>Generated Files</Filter>
    </ClInclude>
    <ClInclude Include="src\include\string\AutoString.h">
      <Filter>Header Files</Filter>
    </ClInclude>
    <ClInclude Include="src\include\helper\ByteBuffer.h">
      <Filter>Header Files</Filter>
    </ClInclude>
    <ClInclude Include="src\include\helper\DynamicArray.h">
      <Filter>Header Files</Filter>
    </ClInclude>
    <ClInclude Include="src\include\helper\Helper.h">
      <Filter>Header Files</Filter>
    </ClInclude>
    <ClInclude Include="src\include\Preset.h">
      <Filter>Header Files</Filter>
    </ClInclude>
    <ClInclude Include="src\include\platform.h">
      <Filter>Header Files</Filter>
    </ClInclude>
    <ClInclude Include="src\include\Synch.h">
      <Filter>Header Files</Filter>
    </ClInclude>
    <ClInclude Include="src\include\dllmain.h">
      <Filter>Header Files</Filter>
    </ClInclude>
    <ClInclude Include="src\include\xdlldata.h">
      <Filter>Header Files</Filter>
    </ClInclude>
    <ClInclude Include="src\include\ui\DialogImpls.h">
      <Filter>Header Files</Filter>
    </ClInclude>
    <ClInclude Include="src\include\ffmpegProcess.h">
      <Filter>Header Files</Filter>
    </ClInclude>
    <ClInclude Include="src\include\ui\UI.h">
      <Filter>Header Files</Filter>
    </ClInclude>
    <ClInclude Include="src\include\ffmpegShellCtrl.h">
      <Filter>Header Files</Filter>
    </ClInclude>
    <ClInclude Include="src\include\FileList.h">
      <Filter>Header Files</Filter>
    </ClInclude>
    <ClInclude Include="src\include\FileReadWrite.h">
      <Filter>Header Files</Filter>
    </ClInclude>
    <ClInclude Include="src\include\LinkedList.h">
      <Filter>Header Files</Filter>
    </ClInclude>
    <ClInclude Include="src\include\MenuHandlers.h">
      <Filter>Header Files</Filter>
    </ClInclude>
    <ClInclude Include="src\include\PresetCompiler.h">
      <Filter>Header Files</Filter>
    </ClInclude>
    <ClInclude Include="src\include\PresetFileLexer.h">
      <Filter>Header Files</Filter>
    </ClInclude>
    <ClInclude Include="src\include\PresetParser.h">
      <Filter>Header Files</Filter>
    </ClInclude>
    <ClInclude Include="src\include\stdafx.h">
      <Filter>Header Files</Filter>
    </ClInclude>
    <ClInclude Include="src\include\targetver.h">
      <Filter>Header Files</Filter>
    </ClInclude>
    <ClInclude Include="src\include\Types.h">
      <Filter>Header Files</Filter>
    </ClInclude>
    <ClInclude Include="src\include\ui\MenuMgr.h">
      <Filter>Header Files</Filter>
    </ClInclude>
    <ClInclude Include="src\include\ps.h">
      <Filter>Header Files</Filter>
    </ClInclude>
    <ClInclude Include="src\include\debug.h">
      <Filter>Header Files</Filter>
    </ClInclude>
    <ClInclude Include="src\include\memory.h">
      <Filter>Header Files</Filter>
    </ClInclude>
    <ClInclude Include="src\include\Settings.h">
      <Filter>Header Files</Filter>
    </ClInclude>
    <ClInclude Include="src\include\ui\FileFolderDialog.h">
      <Filter>Header Files</Filter>
    </ClInclude>
    <ClInclude Include="src\include\helper\ArgPack.h">
      <Filter>Header Files</Filter>
    </ClInclude>
    <ClInclude Include="src\include\ffmpeg\MediaInfo.h">
      <Filter>Header Files</Filter>
    </ClInclude>
    <ClInclude Include="src\include\ffmpeg\CommandExecutor.h">
      <Filter>Header Files</Filter>
    </ClInclude>
    <ClInclude Include="src\include\RefCount.h">
      <Filter>Header Files</Filter>
    </ClInclude>
    <ClInclude Include="Resource.h">
      <Filter>Header Files</Filter>
    </ClInclude>
    <ClInclude Include="src\include\ui\UiWrapper.h">
      <Filter>Header Files</Filter>
    </ClInclude>
    <ClInclude Include="src\include\ui\ctrl\UiProgressbar.h">
      <Filter>Header Files</Filter>
    </ClInclude>
    <ClInclude Include="src\include\ui\ctrl\UiControlBase.h">
      <Filter>Header Files</Filter>
    </ClInclude>
    <ClInclude Include="src\include\ui\lang\LanMan.h">
      <Filter>Header Files</Filter>
    </ClInclude>
    <ClInclude Include="src\include\ui\ctrl\UiComboBox.h">
      <Filter>Header Files</Filter>
    </ClInclude>
  </ItemGroup>
  <ItemGroup>
    <ResourceCompile Include="ffmpegShell.rc">
      <Filter>Resource Files</Filter>
    </ResourceCompile>
  </ItemGroup>
  <ItemGroup>
    <None Include="ffmpegShell.rgs">
      <Filter>Resource Files</Filter>
    </None>
    <None Include="ffmpegShell.def">
      <Filter>Source Files</Filter>
    </None>
    <None Include="ffmpegShellCtrl.rgs">
      <Filter>Resource Files</Filter>
    </None>
  </ItemGroup>
  <ItemGroup>
    <Midl Include="ffmpegShell.idl">
      <Filter>Source Files</Filter>
    </Midl>
  </ItemGroup>
  <ItemGroup>
    <MASM Include="src\arch\Spinlock.asm">
      <Filter>Source Files</Filter>
    </MASM>
  </ItemGroup>
</Project>